
Microsoft Visual Studio Solution File, Format Version 12.00
# Visual Studio Version 16
VisualStudioVersion = 16.0.29728.190
MinimumVisualStudioVersion = 10.0.40219.1
Project("{FAE04EC0-301F-11D3-BF4B-00C04F79EFBC}") = "api", "api.csproj", "{CA04024A-1C6D-4092-9341-2A025ED0134F}"
EndProject
Global
	GlobalSection(SolutionConfigurationPlatforms) = preSolution
		Debug|Any CPU = Debug|Any CPU
		Release|Any CPU = Release|Any CPU
	EndGlobalSection
	GlobalSection(ProjectConfigurationPlatforms) = postSolution
		{CA04024A-1C6D-4092-9341-2A025ED0134F}.Debug|Any CPU.ActiveCfg = Debug|Any CPU
		{CA04024A-1C6D-4092-9341-2A025ED0134F}.Debug|Any CPU.Build.0 = Debug|Any CPU
		{CA04024A-1C6D-4092-9341-2A025ED0134F}.Release|Any CPU.ActiveCfg = Release|Any CPU
		{CA04024A-1C6D-4092-9341-2A025ED0134F}.Release|Any CPU.Build.0 = Release|Any CPU
	EndGlobalSection
	GlobalSection(SolutionProperties) = preSolution
		HideSolutionNode = FALSE
	EndGlobalSection
	GlobalSection(ExtensibilityGlobals) = postSolution
		SolutionGuid = {2F09E8AB-566C-4D3E-B1D8-379F3227794E}
	EndGlobalSection
EndGlobal
